
Microsoft Visual Studio Solution File, Format Version 12.00
# Visual Studio Version 17
VisualStudioVersion = 17.14.36203.30 d17.14
MinimumVisualStudioVersion = 10.0.40219.1
Project("{FAE04EC0-301F-11D3-BF4B-00C04F79EFBC}") = "D3Daylight", "D3Daylight\D3Daylight.csproj", "{B5DCB3AD-0A46-4506-9273-86490A545C53}"
EndProject
Global
	GlobalSection(SolutionConfigurationPlatforms) = preSolution
		Debug|Any CPU = Debug|Any CPU
		Release|Any CPU = Release|Any CPU
	EndGlobalSection
	GlobalSection(ProjectConfigurationPlatforms) = postSolution
		{B5DCB3AD-0A46-4506-9273-86490A545C53}.Debug|Any CPU.ActiveCfg = Debug|Any CPU
		{B5DCB3AD-0A46-4506-9273-86490A545C53}.Debug|Any CPU.Build.0 = Debug|Any CPU
		{B5DCB3AD-0A46-4506-9273-86490A545C53}.Release|Any CPU.ActiveCfg = Release|Any CPU
		{B5DCB3AD-0A46-4506-9273-86490A545C53}.Release|Any CPU.Build.0 = Release|Any CPU
	EndGlobalSection
	GlobalSection(SolutionProperties) = preSolution
		HideSolutionNode = FALSE
	EndGlobalSection
	GlobalSection(ExtensibilityGlobals) = postSolution
		SolutionGuid = {6BC1D3FC-BBEF-42D0-A33C-130A85B6F03D}
	EndGlobalSection
EndGlobal
